
Microsoft Visual Studio Solution File, Format Version 12.00
# Visual Studio 15
VisualStudioVersion = 15.0.26124.0
MinimumVisualStudioVersion = 15.0.26124.0
Project("{FAE04EC0-301F-11D3-BF4B-00C04F79EFBC}") = "Alimentos.API", "Alimentos.API\Alimentos.API.csproj", "{FBDA25C3-B97C-42CC-8EA0-A872A897BD51}"
EndProject
Project("{FAE04EC0-301F-11D3-BF4B-00C04F79EFBC}") = "Alimentos.Repositorio", "Alimentos.Repositorio\Alimentos.Repositorio.csproj", "{462A1A02-138B-4487-999B-35D675824207}"
EndProject
Project("{FAE04EC0-301F-11D3-BF4B-00C04F79EFBC}") = "Alimentos.Dominio", "Alimentos.Dominio\Alimentos.Dominio.csproj", "{9A093F0B-8F1E-4324-B1FF-CC99F9C90FDD}"
EndProject
Global
	GlobalSection(SolutionConfigurationPlatforms) = preSolution
		Debug|Any CPU = Debug|Any CPU
		Debug|x64 = Debug|x64
		Debug|x86 = Debug|x86
		Release|Any CPU = Release|Any CPU
		Release|x64 = Release|x64
		Release|x86 = Release|x86
	EndGlobalSection
	GlobalSection(SolutionProperties) = preSolution
		HideSolutionNode = FALSE
	EndGlobalSection
	GlobalSection(ProjectConfigurationPlatforms) = postSolution
		{FBDA25C3-B97C-42CC-8EA0-A872A897BD51}.Debug|Any CPU.ActiveCfg = Debug|Any CPU
		{FBDA25C3-B97C-42CC-8EA0-A872A897BD51}.Debug|Any CPU.Build.0 = Debug|Any CPU
		{FBDA25C3-B97C-42CC-8EA0-A872A897BD51}.Debug|x64.ActiveCfg = Debug|Any CPU
		{FBDA25C3-B97C-42CC-8EA0-A872A897BD51}.Debug|x64.Build.0 = Debug|Any CPU
		{FBDA25C3-B97C-42CC-8EA0-A872A897BD51}.Debug|x86.ActiveCfg = Debug|Any CPU
		{FBDA25C3-B97C-42CC-8EA0-A872A897BD51}.Debug|x86.Build.0 = Debug|Any CPU
		{FBDA25C3-B97C-42CC-8EA0-A872A897BD51}.Release|Any CPU.ActiveCfg = Release|Any CPU
		{FBDA25C3-B97C-42CC-8EA0-A872A897BD51}.Release|Any CPU.Build.0 = Release|Any CPU
		{FBDA25C3-B97C-42CC-8EA0-A872A897BD51}.Release|x64.ActiveCfg = Release|Any CPU
		{FBDA25C3-B97C-42CC-8EA0-A872A897BD51}.Release|x64.Build.0 = Release|Any CPU
		{FBDA25C3-B97C-42CC-8EA0-A872A897BD51}.Release|x86.ActiveCfg = Release|Any CPU
		{FBDA25C3-B97C-42CC-8EA0-A872A897BD51}.Release|x86.Build.0 = Release|Any CPU
		{462A1A02-138B-4487-999B-35D675824207}.Debug|Any CPU.ActiveCfg = Debug|Any CPU
		{462A1A02-138B-4487-999B-35D675824207}.Debug|Any CPU.Build.0 = Debug|Any CPU
		{462A1A02-138B-4487-999B-35D675824207}.Debug|x64.ActiveCfg = Debug|Any CPU
		{462A1A02-138B-4487-999B-35D675824207}.Debug|x64.Build.0 = Debug|Any CPU
		{462A1A02-138B-4487-999B-35D675824207}.Debug|x86.ActiveCfg = Debug|Any CPU
		{462A1A02-138B-4487-999B-35D675824207}.Debug|x86.Build.0 = Debug|Any CPU
		{462A1A02-138B-4487-999B-35D675824207}.Release|Any CPU.ActiveCfg = Release|Any CPU
		{462A1A02-138B-4487-999B-35D675824207}.Release|Any CPU.Build.0 = Release|Any CPU
		{462A1A02-138B-4487-999B-35D675824207}.Release|x64.ActiveCfg = Release|Any CPU
		{462A1A02-138B-4487-999B-35D675824207}.Release|x64.Build.0 = Release|Any CPU
		{462A1A02-138B-4487-999B-35D675824207}.Release|x86.ActiveCfg = Release|Any CPU
		{462A1A02-138B-4487-999B-35D675824207}.Release|x86.Build.0 = Release|Any CPU
		{9A093F0B-8F1E-4324-B1FF-CC99F9C90FDD}.Debug|Any CPU.ActiveCfg = Debug|Any CPU
		{9A093F0B-8F1E-4324-B1FF-CC99F9C90FDD}.Debug|Any CPU.Build.0 = Debug|Any CPU
		{9A093F0B-8F1E-4324-B1FF-CC99F9C90FDD}.Debug|x64.ActiveCfg = Debug|Any CPU
		{9A093F0B-8F1E-4324-B1FF-CC99F9C90FDD}.Debug|x64.Build.0 = Debug|Any CPU
		{9A093F0B-8F1E-4324-B1FF-CC99F9C90FDD}.Debug|x86.ActiveCfg = Debug|Any CPU
		{9A093F0B-8F1E-4324-B1FF-CC99F9C90FDD}.Debug|x86.Build.0 = Debug|Any CPU
		{9A093F0B-8F1E-4324-B1FF-CC99F9C90FDD}.Release|Any CPU.ActiveCfg = Release|Any CPU
		{9A093F0B-8F1E-4324-B1FF-CC99F9C90FDD}.Release|Any CPU.Build.0 = Release|Any CPU
		{9A093F0B-8F1E-4324-B1FF-CC99F9C90FDD}.Release|x64.ActiveCfg = Release|Any CPU
		{9A093F0B-8F1E-4324-B1FF-CC99F9C90FDD}.Release|x64.Build.0 = Release|Any CPU
		{9A093F0B-8F1E-4324-B1FF-CC99F9C90FDD}.Release|x86.ActiveCfg = Release|Any CPU
		{9A093F0B-8F1E-4324-B1FF-CC99F9C90FDD}.Release|x86.Build.0 = Release|Any CPU
	EndGlobalSection
EndGlobal
